
Microsoft Visual Studio Solution File, Format Version 12.00
# Visual Studio 2013
VisualStudioVersion = 12.0.40629.0
MinimumVisualStudioVersion = 10.0.40219.1
Project("{FAE04EC0-301F-11D3-BF4B-00C04F79EFBC}") = "RechnermodulBibliothek", "RechnermodulBibliothek\RechnermodulBibliothek.csproj", "{DCB168FA-2A19-4B06-8C9D-2C9DA33A9738}"
EndProject
Global
	GlobalSection(SolutionConfigurationPlatforms) = preSolution
		Debug|Any CPU = Debug|Any CPU
		Release|Any CPU = Release|Any CPU
	EndGlobalSection
	GlobalSection(ProjectConfigurationPlatforms) = postSolution
		{DCB168FA-2A19-4B06-8C9D-2C9DA33A9738}.Debug|Any CPU.ActiveCfg = Debug|Any CPU
		{DCB168FA-2A19-4B06-8C9D-2C9DA33A9738}.Debug|Any CPU.Build.0 = Debug|Any CPU
		{DCB168FA-2A19-4B06-8C9D-2C9DA33A9738}.Release|Any CPU.ActiveCfg = Release|Any CPU
		{DCB168FA-2A19-4B06-8C9D-2C9DA33A9738}.Release|Any CPU.Build.0 = Release|Any CPU
	EndGlobalSection
	GlobalSection(SolutionProperties) = preSolution
		HideSolutionNode = FALSE
	EndGlobalSection
EndGlobal
