
Microsoft Visual Studio Solution File, Format Version 12.00
# Visual Studio 2013
VisualStudioVersion = 12.0.40629.0
MinimumVisualStudioVersion = 10.0.40219.1
Project("{FAE04EC0-301F-11D3-BF4B-00C04F79EFBC}") = "DummyModul", "DummyModul\DummyModul.csproj", "{6013D32C-5BFF-4E5D-AC2C-A916E6960BDF}"
EndProject
Global
	GlobalSection(SolutionConfigurationPlatforms) = preSolution
		Debug|Any CPU = Debug|Any CPU
		Release|Any CPU = Release|Any CPU
	EndGlobalSection
	GlobalSection(ProjectConfigurationPlatforms) = postSolution
		{6013D32C-5BFF-4E5D-AC2C-A916E6960BDF}.Debug|Any CPU.ActiveCfg = Debug|Any CPU
		{6013D32C-5BFF-4E5D-AC2C-A916E6960BDF}.Debug|Any CPU.Build.0 = Debug|Any CPU
		{6013D32C-5BFF-4E5D-AC2C-A916E6960BDF}.Release|Any CPU.ActiveCfg = Release|Any CPU
		{6013D32C-5BFF-4E5D-AC2C-A916E6960BDF}.Release|Any CPU.Build.0 = Release|Any CPU
	EndGlobalSection
	GlobalSection(SolutionProperties) = preSolution
		HideSolutionNode = FALSE
	EndGlobalSection
EndGlobal
